// !$*UTF8*$!
{
	archiveVersion = 1;
	classes = {
	};
	objectVersion = 46;
	objects = {

/* Begin PBXBuildFile section */
		124217B6B05D1E2466FAC6DF /* MediaImporterMenuBarApp.swift in Sources */ = {isa = PBXBuildFile; fileRef = A361A6926E69DF0C30CCC839 /* MediaImporterMenuBarApp.swift */; };
		22BB427C18ECBD89FDC7868F /* AutoImportCoordinator.swift in Sources */ = {isa = PBXBuildFile; fileRef = FE683024F5A750C3B50711F6 /* AutoImportCoordinator.swift */; };
		2C1E6D1E4B8A4E2AA1B09A11 /* DMGBackgroundPreview.swift in Sources */ = {isa = PBXBuildFile; fileRef = 2C1E6D1E4B8A4E2AA1B09A10 /* DMGBackgroundPreview.swift */; };
		4B02F1FCE98A4DB2A95F04E4 /* AppIcon.icns in Resources */ = {isa = PBXBuildFile; fileRef = 3D9A2B60B8E74E709C8E15D3 /* AppIcon.icns */; };
			606F7D8FFFCE7AF6B2DB2901 /* MenuBarViews.swift in Sources */ = {isa = PBXBuildFile; fileRef = 20E270EB911E494E75BE0FA1 /* MenuBarViews.swift */; };
			70C789396A417843F5DEE15A /* Cocoa.framework in Frameworks */ = {isa = PBXBuildFile; fileRef = 99957929BDFBD43FBA3A9D1F /* Cocoa.framework */; };
			895BFF30E6634C4BB3048B35 /* StatusBarController.swift in Sources */ = {isa = PBXBuildFile; fileRef = 3B7C0B8F6AA8468BABDC7C32 /* StatusBarController.swift */; };
			B0CADF01F1FCD0BE98FBC6AD /* DiskMonitor.swift in Sources */ = {isa = PBXBuildFile; fileRef = 74CA0D56684539B94E4503FF /* DiskMonitor.swift */; };
			BCC2166441C9CB0CCB334C24 /* MediaImporter.swift in Sources */ = {isa = PBXBuildFile; fileRef = F23F406C51EB5AE1BBC75189 /* MediaImporter.swift */; };
			D2873C6BCFAE66B2A65FBCC5 /* AppSettings.swift in Sources */ = {isa = PBXBuildFile; fileRef = B9C5715B37BF94B7F94F31CF /* AppSettings.swift */; };
/* End PBXBuildFile section */

/* Begin PBXFileReference section */
			20E270EB911E494E75BE0FA1 /* MenuBarViews.swift */ = {isa = PBXFileReference; includeInIndex = 1; lastKnownFileType = sourcecode.swift; name = MenuBarViews.swift; path = MediaImporterMenuBar/MenuBarViews.swift; sourceTree = "<group>"; };
			2C1E6D1E4B8A4E2AA1B09A10 /* DMGBackgroundPreview.swift */ = {isa = PBXFileReference; includeInIndex = 1; lastKnownFileType = sourcecode.swift; name = DMGBackgroundPreview.swift; path = MediaImporterMenuBar/DMGBackgroundPreview.swift; sourceTree = "<group>"; };
			31FEF25D46BAC64648F15A74 /* ClipSync.app */ = {isa = PBXFileReference; explicitFileType = wrapper.application; includeInIndex = 0; path = ClipSync.app; sourceTree = BUILT_PRODUCTS_DIR; };
			3D9A2B60B8E74E709C8E15D3 /* AppIcon.icns */ = {isa = PBXFileReference; includeInIndex = 1; lastKnownFileType = image.icns; path = AppIcon.icns; sourceTree = "<group>"; };
			3B7C0B8F6AA8468BABDC7C32 /* StatusBarController.swift */ = {isa = PBXFileReference; includeInIndex = 1; lastKnownFileType = sourcecode.swift; name = StatusBarController.swift; path = MediaImporterMenuBar/StatusBarController.swift; sourceTree = "<group>"; };
			364BEF31982B41F0AC2083E1 /* Info.plist */ = {isa = PBXFileReference; includeInIndex = 1; lastKnownFileType = text.plist.xml; path = Info.plist; sourceTree = "<group>"; };
			74CA0D56684539B94E4503FF /* DiskMonitor.swift */ = {isa = PBXFileReference; includeInIndex = 1; lastKnownFileType = sourcecode.swift; name = DiskMonitor.swift; path = MediaImporterMenuBar/DiskMonitor.swift; sourceTree = "<group>"; };
		99957929BDFBD43FBA3A9D1F /* Cocoa.framework */ = {isa = PBXFileReference; lastKnownFileType = wrapper.framework; name = Cocoa.framework; path = Platforms/MacOSX.platform/Developer/SDKs/MacOSX15.0.sdk/System/Library/Frameworks/Cocoa.framework; sourceTree = DEVELOPER_DIR; };
		A361A6926E69DF0C30CCC839 /* MediaImporterMenuBarApp.swift */ = {isa = PBXFileReference; includeInIndex = 1; lastKnownFileType = sourcecode.swift; name = MediaImporterMenuBarApp.swift; path = MediaImporterMenuBar/MediaImporterMenuBarApp.swift; sourceTree = "<group>"; };
		B9C5715B37BF94B7F94F31CF /* AppSettings.swift */ = {isa = PBXFileReference; includeInIndex = 1; lastKnownFileType = sourcecode.swift; name = AppSettings.swift; path = MediaImporterMenuBar/AppSettings.swift; sourceTree = "<group>"; };
		F23F406C51EB5AE1BBC75189 /* MediaImporter.swift */ = {isa = PBXFileReference; includeInIndex = 1; lastKnownFileType = sourcecode.swift; name = MediaImporter.swift; path = MediaImporterMenuBar/MediaImporter.swift; sourceTree = "<group>"; };
		FE683024F5A750C3B50711F6 /* AutoImportCoordinator.swift */ = {isa = PBXFileReference; includeInIndex = 1; lastKnownFileType = sourcecode.swift; name = AutoImportCoordinator.swift; path = MediaImporterMenuBar/AutoImportCoordinator.swift; sourceTree = "<group>"; };
/* End PBXFileReference section */

/* Begin PBXFrameworksBuildPhase section */
		200BBC57C3866DD15E8625D5 /* Frameworks */ = {
			isa = PBXFrameworksBuildPhase;
			buildActionMask = 2147483647;
			files = (
				70C789396A417843F5DEE15A /* Cocoa.framework in Frameworks */,
			);
			runOnlyForDeploymentPostprocessing = 0;
		};
/* End PBXFrameworksBuildPhase section */

/* Begin PBXGroup section */
		0101B4FBB75B51CD826B2A07 /* Products */ = {
			isa = PBXGroup;
			children = (
				31FEF25D46BAC64648F15A74 /* ClipSync.app */,
			);
			name = Products;
			sourceTree = "<group>";
		};
		15E75B590BD058F02169194C /* App */ = {
			isa = PBXGroup;
			children = (
				3D9A2B60B8E74E709C8E15D3 /* AppIcon.icns */,
				364BEF31982B41F0AC2083E1 /* Info.plist */,
			);
			name = App;
			path = App;
			sourceTree = "<group>";
		};
		2A46A35D6175D5B9A7FD63EA = {
			isa = PBXGroup;
			children = (
				0101B4FBB75B51CD826B2A07 /* Products */,
				D743232217DA70E2FC65617F /* Frameworks */,
				5DD82BD4556993899FBC73BF /* Sources */,
				15E75B590BD058F02169194C /* App */,
			);
			sourceTree = "<group>";
		};
		5DD82BD4556993899FBC73BF /* Sources */ = {
			isa = PBXGroup;
			children = (
				B9C5715B37BF94B7F94F31CF /* AppSettings.swift */,
				FE683024F5A750C3B50711F6 /* AutoImportCoordinator.swift */,
				2C1E6D1E4B8A4E2AA1B09A10 /* DMGBackgroundPreview.swift */,
					74CA0D56684539B94E4503FF /* DiskMonitor.swift */,
					F23F406C51EB5AE1BBC75189 /* MediaImporter.swift */,
					A361A6926E69DF0C30CCC839 /* MediaImporterMenuBarApp.swift */,
					20E270EB911E494E75BE0FA1 /* MenuBarViews.swift */,
					3B7C0B8F6AA8468BABDC7C32 /* StatusBarController.swift */,
				);
			name = Sources;
			path = Sources;
			sourceTree = "<group>";
		};
		D743232217DA70E2FC65617F /* Frameworks */ = {
			isa = PBXGroup;
			children = (
				E87B5FB8CA24EA38FF24B9F0 /* OS X */,
			);
			name = Frameworks;
			sourceTree = "<group>";
		};
		E87B5FB8CA24EA38FF24B9F0 /* OS X */ = {
			isa = PBXGroup;
			children = (
				99957929BDFBD43FBA3A9D1F /* Cocoa.framework */,
			);
			name = "OS X";
			sourceTree = "<group>";
		};
/* End PBXGroup section */

/* Begin PBXNativeTarget section */
		6EC82666723C5BA25633559C /* ClipSync */ = {
			isa = PBXNativeTarget;
			buildConfigurationList = 5F4ACEDCC8CE3B4D86903609 /* Build configuration list for PBXNativeTarget "ClipSync" */;
			buildPhases = (
				8381B3E1E6D0E081A9CBADD7 /* Sources */,
				200BBC57C3866DD15E8625D5 /* Frameworks */,
				8674C45E1B63A02842E72765 /* Resources */,
			);
			buildRules = (
			);
			dependencies = (
			);
			name = ClipSync;
			productName = ClipSync;
			productReference = 31FEF25D46BAC64648F15A74 /* ClipSync.app */;
			productType = "com.apple.product-type.application";
		};
/* End PBXNativeTarget section */

/* Begin PBXProject section */
		3E83D86609B9ACDBEFE24A70 /* Project object */ = {
			isa = PBXProject;
			attributes = {
				LastSwiftUpdateCheck = 2600;
				LastUpgradeCheck = 2600;
			};
			buildConfigurationList = 52257C511F1718D69FBA8C33 /* Build configuration list for PBXProject "ClipSync" */;
			compatibilityVersion = "Xcode 3.2";
			developmentRegion = en;
			hasScannedForEncodings = 0;
			knownRegions = (
				en,
				Base,
			);
			mainGroup = 2A46A35D6175D5B9A7FD63EA;
			minimizedProjectReferenceProxies = 0;
			preferredProjectObjectVersion = 77;
			productRefGroup = 0101B4FBB75B51CD826B2A07 /* Products */;
			projectDirPath = "";
			projectRoot = "";
			targets = (
				6EC82666723C5BA25633559C /* ClipSync */,
			);
		};
/* End PBXProject section */

/* Begin PBXResourcesBuildPhase section */
		8674C45E1B63A02842E72765 /* Resources */ = {
			isa = PBXResourcesBuildPhase;
			buildActionMask = 2147483647;
			files = (
				4B02F1FCE98A4DB2A95F04E4 /* AppIcon.icns in Resources */,
			);
			runOnlyForDeploymentPostprocessing = 0;
		};
/* End PBXResourcesBuildPhase section */

/* Begin PBXSourcesBuildPhase section */
		8381B3E1E6D0E081A9CBADD7 /* Sources */ = {
			isa = PBXSourcesBuildPhase;
			buildActionMask = 2147483647;
			files = (
				D2873C6BCFAE66B2A65FBCC5 /* AppSettings.swift in Sources */,
				22BB427C18ECBD89FDC7868F /* AutoImportCoordinator.swift in Sources */,
				2C1E6D1E4B8A4E2AA1B09A11 /* DMGBackgroundPreview.swift in Sources */,
					B0CADF01F1FCD0BE98FBC6AD /* DiskMonitor.swift in Sources */,
					BCC2166441C9CB0CCB334C24 /* MediaImporter.swift in Sources */,
					124217B6B05D1E2466FAC6DF /* MediaImporterMenuBarApp.swift in Sources */,
					606F7D8FFFCE7AF6B2DB2901 /* MenuBarViews.swift in Sources */,
					895BFF30E6634C4BB3048B35 /* StatusBarController.swift in Sources */,
				);
			runOnlyForDeploymentPostprocessing = 0;
		};
/* End PBXSourcesBuildPhase section */

/* Begin XCBuildConfiguration section */
		BAEE7BFEE3D297A9507E6B9F /* Debug */ = {
			isa = XCBuildConfiguration;
			buildSettings = {
				ASSETCATALOG_COMPILER_APPICON_NAME = "";
				ASSETCATALOG_COMPILER_GLOBAL_ACCENT_COLOR_NAME = AccentColor;
				CODE_SIGN_STYLE = Automatic;
				COMBINE_HIDPI_IMAGES = YES;
				DEVELOPMENT_TEAM = "";
				ENABLE_APP_SANDBOX = NO;
				ENABLE_HARDENED_RUNTIME = NO;
				GENERATE_INFOPLIST_FILE = NO;
				INFOPLIST_FILE = "App/Info.plist";
				LD_RUNPATH_SEARCH_PATHS = "$(inherited) @executable_path/../Frameworks";
				MACOSX_DEPLOYMENT_TARGET = 13.0;
				PRODUCT_BUNDLE_IDENTIFIER = com.kang.ClipSync;
				PRODUCT_NAME = ClipSync;
				SDKROOT = macosx;
				SWIFT_EMIT_LOC_STRINGS = NO;
				SWIFT_VERSION = 6.0;
			};
			name = Debug;
		};
		CAD7BBF814B5CC5083D7811C /* Release */ = {
			isa = XCBuildConfiguration;
			buildSettings = {
				ASSETCATALOG_COMPILER_APPICON_NAME = "";
				ASSETCATALOG_COMPILER_GLOBAL_ACCENT_COLOR_NAME = AccentColor;
				CODE_SIGN_STYLE = Automatic;
				COMBINE_HIDPI_IMAGES = YES;
				DEVELOPMENT_TEAM = "";
				ENABLE_APP_SANDBOX = NO;
				ENABLE_HARDENED_RUNTIME = NO;
				GENERATE_INFOPLIST_FILE = NO;
				INFOPLIST_FILE = "App/Info.plist";
				LD_RUNPATH_SEARCH_PATHS = "$(inherited) @executable_path/../Frameworks";
				MACOSX_DEPLOYMENT_TARGET = 13.0;
				PRODUCT_BUNDLE_IDENTIFIER = com.kang.ClipSync;
				PRODUCT_NAME = ClipSync;
				SDKROOT = macosx;
				SWIFT_EMIT_LOC_STRINGS = NO;
				SWIFT_VERSION = 6.0;
			};
			name = Release;
		};
		D64AFB9F6AB6D480D1DCA88E /* Debug */ = {
			isa = XCBuildConfiguration;
			buildSettings = {
				ALWAYS_SEARCH_USER_PATHS = NO;
				CLANG_ANALYZER_NONNULL = YES;
				CLANG_ANALYZER_NUMBER_OBJECT_CONVERSION = YES_AGGRESSIVE;
				CLANG_CXX_LANGUAGE_STANDARD = "gnu++14";
				CLANG_CXX_LIBRARY = "libc++";
				CLANG_ENABLE_MODULES = YES;
				CLANG_ENABLE_OBJC_ARC = YES;
				CLANG_ENABLE_OBJC_WEAK = YES;
				CLANG_WARN_BLOCK_CAPTURE_AUTORELEASING = YES;
				CLANG_WARN_BOOL_CONVERSION = YES;
				CLANG_WARN_COMMA = YES;
				CLANG_WARN_CONSTANT_CONVERSION = YES;
				CLANG_WARN_DEPRECATED_OBJC_IMPLEMENTATIONS = YES;
				CLANG_WARN_DIRECT_OBJC_ISA_USAGE = YES_ERROR;
				CLANG_WARN_DOCUMENTATION_COMMENTS = YES;
				CLANG_WARN_EMPTY_BODY = YES;
				CLANG_WARN_ENUM_CONVERSION = YES;
				CLANG_WARN_INFINITE_RECURSION = YES;
				CLANG_WARN_INT_CONVERSION = YES;
				CLANG_WARN_NON_LITERAL_NULL_CONVERSION = YES;
				CLANG_WARN_OBJC_IMPLICIT_RETAIN_SELF = YES;
				CLANG_WARN_OBJC_LITERAL_CONVERSION = YES;
				CLANG_WARN_OBJC_ROOT_CLASS = YES_ERROR;
				CLANG_WARN_QUOTED_INCLUDE_IN_FRAMEWORK_HEADER = YES;
				CLANG_WARN_RANGE_LOOP_ANALYSIS = YES;
				CLANG_WARN_STRICT_PROTOTYPES = YES;
				CLANG_WARN_SUSPICIOUS_MOVE = YES;
				CLANG_WARN_UNGUARDED_AVAILABILITY = YES_AGGRESSIVE;
				CLANG_WARN_UNREACHABLE_CODE = YES;
				CLANG_WARN__DUPLICATE_METHOD_MATCH = YES;
				COPY_PHASE_STRIP = NO;
				DEBUG_INFORMATION_FORMAT = dwarf;
				ENABLE_STRICT_OBJC_MSGSEND = YES;
				ENABLE_TESTABILITY = YES;
				GCC_C_LANGUAGE_STANDARD = gnu11;
				GCC_DYNAMIC_NO_PIC = NO;
				GCC_NO_COMMON_BLOCKS = YES;
				GCC_OPTIMIZATION_LEVEL = 0;
				GCC_PREPROCESSOR_DEFINITIONS = (
					"DEBUG=1",
					"$(inherited)",
				);
				GCC_WARN_64_TO_32_BIT_CONVERSION = YES;
				GCC_WARN_ABOUT_RETURN_TYPE = YES_ERROR;
				GCC_WARN_UNDECLARED_SELECTOR = YES;
				GCC_WARN_UNINITIALIZED_AUTOS = YES_AGGRESSIVE;
				GCC_WARN_UNUSED_FUNCTION = YES;
				GCC_WARN_UNUSED_VARIABLE = YES;
				MTL_ENABLE_DEBUG_INFO = INCLUDE_SOURCE;
				MTL_FAST_MATH = YES;
				ONLY_ACTIVE_ARCH = YES;
				PRODUCT_NAME = "$(TARGET_NAME)";
				SWIFT_ACTIVE_COMPILATION_CONDITIONS = DEBUG;
				SWIFT_OPTIMIZATION_LEVEL = "-Onone";
				SWIFT_VERSION = 5.0;
			};
			name = Debug;
		};
		E1658358F25604800DE0D247 /* Release */ = {
			isa = XCBuildConfiguration;
			buildSettings = {
				ALWAYS_SEARCH_USER_PATHS = NO;
				CLANG_ANALYZER_NONNULL = YES;
				CLANG_ANALYZER_NUMBER_OBJECT_CONVERSION = YES_AGGRESSIVE;
				CLANG_CXX_LANGUAGE_STANDARD = "gnu++14";
				CLANG_CXX_LIBRARY = "libc++";
				CLANG_ENABLE_MODULES = YES;
				CLANG_ENABLE_OBJC_ARC = YES;
				CLANG_ENABLE_OBJC_WEAK = YES;
				CLANG_WARN_BLOCK_CAPTURE_AUTORELEASING = YES;
				CLANG_WARN_BOOL_CONVERSION = YES;
				CLANG_WARN_COMMA = YES;
				CLANG_WARN_CONSTANT_CONVERSION = YES;
				CLANG_WARN_DEPRECATED_OBJC_IMPLEMENTATIONS = YES;
				CLANG_WARN_DIRECT_OBJC_ISA_USAGE = YES_ERROR;
				CLANG_WARN_DOCUMENTATION_COMMENTS = YES;
				CLANG_WARN_EMPTY_BODY = YES;
				CLANG_WARN_ENUM_CONVERSION = YES;
				CLANG_WARN_INFINITE_RECURSION = YES;
				CLANG_WARN_INT_CONVERSION = YES;
				CLANG_WARN_NON_LITERAL_NULL_CONVERSION = YES;
				CLANG_WARN_OBJC_IMPLICIT_RETAIN_SELF = YES;
				CLANG_WARN_OBJC_LITERAL_CONVERSION = YES;
				CLANG_WARN_OBJC_ROOT_CLASS = YES_ERROR;
				CLANG_WARN_QUOTED_INCLUDE_IN_FRAMEWORK_HEADER = YES;
				CLANG_WARN_RANGE_LOOP_ANALYSIS = YES;
				CLANG_WARN_STRICT_PROTOTYPES = YES;
				CLANG_WARN_SUSPICIOUS_MOVE = YES;
				CLANG_WARN_UNGUARDED_AVAILABILITY = YES_AGGRESSIVE;
				CLANG_WARN_UNREACHABLE_CODE = YES;
				CLANG_WARN__DUPLICATE_METHOD_MATCH = YES;
				COPY_PHASE_STRIP = NO;
				DEBUG_INFORMATION_FORMAT = "dwarf-with-dsym";
				ENABLE_NS_ASSERTIONS = NO;
				ENABLE_STRICT_OBJC_MSGSEND = YES;
				GCC_C_LANGUAGE_STANDARD = gnu11;
				GCC_NO_COMMON_BLOCKS = YES;
				GCC_WARN_64_TO_32_BIT_CONVERSION = YES;
				GCC_WARN_ABOUT_RETURN_TYPE = YES_ERROR;
				GCC_WARN_UNDECLARED_SELECTOR = YES;
				GCC_WARN_UNINITIALIZED_AUTOS = YES_AGGRESSIVE;
				GCC_WARN_UNUSED_FUNCTION = YES;
				GCC_WARN_UNUSED_VARIABLE = YES;
				MTL_ENABLE_DEBUG_INFO = NO;
				MTL_FAST_MATH = YES;
				PRODUCT_NAME = "$(TARGET_NAME)";
				SWIFT_COMPILATION_MODE = wholemodule;
				SWIFT_OPTIMIZATION_LEVEL = "-O";
				SWIFT_VERSION = 5.0;
			};
			name = Release;
		};
/* End XCBuildConfiguration section */

/* Begin XCConfigurationList section */
		52257C511F1718D69FBA8C33 /* Build configuration list for PBXProject "ClipSync" */ = {
			isa = XCConfigurationList;
			buildConfigurations = (
				D64AFB9F6AB6D480D1DCA88E /* Debug */,
				E1658358F25604800DE0D247 /* Release */,
			);
			defaultConfigurationIsVisible = 0;
			defaultConfigurationName = Release;
		};
		5F4ACEDCC8CE3B4D86903609 /* Build configuration list for PBXNativeTarget "ClipSync" */ = {
			isa = XCConfigurationList;
			buildConfigurations = (
				CAD7BBF814B5CC5083D7811C /* Release */,
				BAEE7BFEE3D297A9507E6B9F /* Debug */,
			);
			defaultConfigurationIsVisible = 0;
			defaultConfigurationName = Release;
		};
/* End XCConfigurationList section */
	};
	rootObject = 3E83D86609B9ACDBEFE24A70 /* Project object */;
}
